
Microsoft Visual Studio Solution File, Format Version 12.00
# Visual Studio 15
VisualStudioVersion = 15.0.26124.0
MinimumVisualStudioVersion = 15.0.26124.0
Project("{2150E333-8FDC-42A3-9474-1A3956D46DE8}") = "src", "src", "{B4EAB571-42CB-41D3-84E2-AD697C65E525}"
EndProject
Project("{FAE04EC0-301F-11D3-BF4B-00C04F79EFBC}") = "IdentityServer", "src\IdentityServer\IdentityServer.csproj", "{53570C81-BB30-4E2A-ACDC-EA07CA410FD9}"
EndProject
Project("{FAE04EC0-301F-11D3-BF4B-00C04F79EFBC}") = "Api", "src\Api\Api.csproj", "{E27EEE3C-80C9-44AC-8972-C55160EE5A2B}"
EndProject
Project("{FAE04EC0-301F-11D3-BF4B-00C04F79EFBC}") = "Client", "src\Client\Client.csproj", "{D500E459-95CC-483D-8564-815CE3E1FADA}"
EndProject
Project("{FAE04EC0-301F-11D3-BF4B-00C04F79EFBC}") = "UserClient", "src\UserClient\UserClient.csproj", "{0B8B79D0-B3CB-45AF-8B85-C6D267D765F0}"
EndProject
Project("{FAE04EC0-301F-11D3-BF4B-00C04F79EFBC}") = "MvcClient", "src\MvcClient\MvcClient.csproj", "{2C8D58F7-5CBF-439D-8141-E6799D54A96E}"
EndProject
Global
	GlobalSection(SolutionConfigurationPlatforms) = preSolution
		Debug|Any CPU = Debug|Any CPU
		Debug|x64 = Debug|x64
		Debug|x86 = Debug|x86
		Release|Any CPU = Release|Any CPU
		Release|x64 = Release|x64
		Release|x86 = Release|x86
	EndGlobalSection
	GlobalSection(SolutionProperties) = preSolution
		HideSolutionNode = FALSE
	EndGlobalSection
	GlobalSection(ProjectConfigurationPlatforms) = postSolution
		{53570C81-BB30-4E2A-ACDC-EA07CA410FD9}.Debug|Any CPU.ActiveCfg = Debug|Any CPU
		{53570C81-BB30-4E2A-ACDC-EA07CA410FD9}.Debug|Any CPU.Build.0 = Debug|Any CPU
		{53570C81-BB30-4E2A-ACDC-EA07CA410FD9}.Debug|x64.ActiveCfg = Debug|Any CPU
		{53570C81-BB30-4E2A-ACDC-EA07CA410FD9}.Debug|x64.Build.0 = Debug|Any CPU
		{53570C81-BB30-4E2A-ACDC-EA07CA410FD9}.Debug|x86.ActiveCfg = Debug|Any CPU
		{53570C81-BB30-4E2A-ACDC-EA07CA410FD9}.Debug|x86.Build.0 = Debug|Any CPU
		{53570C81-BB30-4E2A-ACDC-EA07CA410FD9}.Release|Any CPU.ActiveCfg = Release|Any CPU
		{53570C81-BB30-4E2A-ACDC-EA07CA410FD9}.Release|Any CPU.Build.0 = Release|Any CPU
		{53570C81-BB30-4E2A-ACDC-EA07CA410FD9}.Release|x64.ActiveCfg = Release|Any CPU
		{53570C81-BB30-4E2A-ACDC-EA07CA410FD9}.Release|x64.Build.0 = Release|Any CPU
		{53570C81-BB30-4E2A-ACDC-EA07CA410FD9}.Release|x86.ActiveCfg = Release|Any CPU
		{53570C81-BB30-4E2A-ACDC-EA07CA410FD9}.Release|x86.Build.0 = Release|Any CPU
		{E27EEE3C-80C9-44AC-8972-C55160EE5A2B}.Debug|Any CPU.ActiveCfg = Debug|Any CPU
		{E27EEE3C-80C9-44AC-8972-C55160EE5A2B}.Debug|Any CPU.Build.0 = Debug|Any CPU
		{E27EEE3C-80C9-44AC-8972-C55160EE5A2B}.Debug|x64.ActiveCfg = Debug|Any CPU
		{E27EEE3C-80C9-44AC-8972-C55160EE5A2B}.Debug|x64.Build.0 = Debug|Any CPU
		{E27EEE3C-80C9-44AC-8972-C55160EE5A2B}.Debug|x86.ActiveCfg = Debug|Any CPU
		{E27EEE3C-80C9-44AC-8972-C55160EE5A2B}.Debug|x86.Build.0 = Debug|Any CPU
		{E27EEE3C-80C9-44AC-8972-C55160EE5A2B}.Release|Any CPU.ActiveCfg = Release|Any CPU
		{E27EEE3C-80C9-44AC-8972-C55160EE5A2B}.Release|Any CPU.Build.0 = Release|Any CPU
		{E27EEE3C-80C9-44AC-8972-C55160EE5A2B}.Release|x64.ActiveCfg = Release|Any CPU
		{E27EEE3C-80C9-44AC-8972-C55160EE5A2B}.Release|x64.Build.0 = Release|Any CPU
		{E27EEE3C-80C9-44AC-8972-C55160EE5A2B}.Release|x86.ActiveCfg = Release|Any CPU
		{E27EEE3C-80C9-44AC-8972-C55160EE5A2B}.Release|x86.Build.0 = Release|Any CPU
		{D500E459-95CC-483D-8564-815CE3E1FADA}.Debug|Any CPU.ActiveCfg = Debug|Any CPU
		{D500E459-95CC-483D-8564-815CE3E1FADA}.Debug|Any CPU.Build.0 = Debug|Any CPU
		{D500E459-95CC-483D-8564-815CE3E1FADA}.Debug|x64.ActiveCfg = Debug|Any CPU
		{D500E459-95CC-483D-8564-815CE3E1FADA}.Debug|x64.Build.0 = Debug|Any CPU
		{D500E459-95CC-483D-8564-815CE3E1FADA}.Debug|x86.ActiveCfg = Debug|Any CPU
		{D500E459-95CC-483D-8564-815CE3E1FADA}.Debug|x86.Build.0 = Debug|Any CPU
		{D500E459-95CC-483D-8564-815CE3E1FADA}.Release|Any CPU.ActiveCfg = Release|Any CPU
		{D500E459-95CC-483D-8564-815CE3E1FADA}.Release|Any CPU.Build.0 = Release|Any CPU
		{D500E459-95CC-483D-8564-815CE3E1FADA}.Release|x64.ActiveCfg = Release|Any CPU
		{D500E459-95CC-483D-8564-815CE3E1FADA}.Release|x64.Build.0 = Release|Any CPU
		{D500E459-95CC-483D-8564-815CE3E1FADA}.Release|x86.ActiveCfg = Release|Any CPU
		{D500E459-95CC-483D-8564-815CE3E1FADA}.Release|x86.Build.0 = Release|Any CPU
		{0B8B79D0-B3CB-45AF-8B85-C6D267D765F0}.Debug|Any CPU.ActiveCfg = Debug|Any CPU
		{0B8B79D0-B3CB-45AF-8B85-C6D267D765F0}.Debug|Any CPU.Build.0 = Debug|Any CPU
		{0B8B79D0-B3CB-45AF-8B85-C6D267D765F0}.Debug|x64.ActiveCfg = Debug|Any CPU
		{0B8B79D0-B3CB-45AF-8B85-C6D267D765F0}.Debug|x64.Build.0 = Debug|Any CPU
		{0B8B79D0-B3CB-45AF-8B85-C6D267D765F0}.Debug|x86.ActiveCfg = Debug|Any CPU
		{0B8B79D0-B3CB-45AF-8B85-C6D267D765F0}.Debug|x86.Build.0 = Debug|Any CPU
		{0B8B79D0-B3CB-45AF-8B85-C6D267D765F0}.Release|Any CPU.ActiveCfg = Release|Any CPU
		{0B8B79D0-B3CB-45AF-8B85-C6D267D765F0}.Release|Any CPU.Build.0 = Release|Any CPU
		{0B8B79D0-B3CB-45AF-8B85-C6D267D765F0}.Release|x64.ActiveCfg = Release|Any CPU
		{0B8B79D0-B3CB-45AF-8B85-C6D267D765F0}.Release|x64.Build.0 = Release|Any CPU
		{0B8B79D0-B3CB-45AF-8B85-C6D267D765F0}.Release|x86.ActiveCfg = Release|Any CPU
		{0B8B79D0-B3CB-45AF-8B85-C6D267D765F0}.Release|x86.Build.0 = Release|Any CPU
		{2C8D58F7-5CBF-439D-8141-E6799D54A96E}.Debug|Any CPU.ActiveCfg = Debug|Any CPU
		{2C8D58F7-5CBF-439D-8141-E6799D54A96E}.Debug|Any CPU.Build.0 = Debug|Any CPU
		{2C8D58F7-5CBF-439D-8141-E6799D54A96E}.Debug|x64.ActiveCfg = Debug|Any CPU
		{2C8D58F7-5CBF-439D-8141-E6799D54A96E}.Debug|x64.Build.0 = Debug|Any CPU
		{2C8D58F7-5CBF-439D-8141-E6799D54A96E}.Debug|x86.ActiveCfg = Debug|Any CPU
		{2C8D58F7-5CBF-439D-8141-E6799D54A96E}.Debug|x86.Build.0 = Debug|Any CPU
		{2C8D58F7-5CBF-439D-8141-E6799D54A96E}.Release|Any CPU.ActiveCfg = Release|Any CPU
		{2C8D58F7-5CBF-439D-8141-E6799D54A96E}.Release|Any CPU.Build.0 = Release|Any CPU
		{2C8D58F7-5CBF-439D-8141-E6799D54A96E}.Release|x64.ActiveCfg = Release|Any CPU
		{2C8D58F7-5CBF-439D-8141-E6799D54A96E}.Release|x64.Build.0 = Release|Any CPU
		{2C8D58F7-5CBF-439D-8141-E6799D54A96E}.Release|x86.ActiveCfg = Release|Any CPU
		{2C8D58F7-5CBF-439D-8141-E6799D54A96E}.Release|x86.Build.0 = Release|Any CPU
	EndGlobalSection
	GlobalSection(NestedProjects) = preSolution
		{53570C81-BB30-4E2A-ACDC-EA07CA410FD9} = {B4EAB571-42CB-41D3-84E2-AD697C65E525}
		{E27EEE3C-80C9-44AC-8972-C55160EE5A2B} = {B4EAB571-42CB-41D3-84E2-AD697C65E525}
		{D500E459-95CC-483D-8564-815CE3E1FADA} = {B4EAB571-42CB-41D3-84E2-AD697C65E525}
		{0B8B79D0-B3CB-45AF-8B85-C6D267D765F0} = {B4EAB571-42CB-41D3-84E2-AD697C65E525}
		{2C8D58F7-5CBF-439D-8141-E6799D54A96E} = {B4EAB571-42CB-41D3-84E2-AD697C65E525}
	EndGlobalSection
EndGlobal
